
Microsoft Visual Studio Solution File, Format Version 12.00
# Visual Studio 15
VisualStudioVersion = 15.0.28307.329
MinimumVisualStudioVersion = 10.0.40219.1
Project("{FAE04EC0-301F-11D3-BF4B-00C04F79EFBC}") = "AMaungUs.FFUMaker", "AMaungUs.FFUMaker\AMaungUs.FFUMaker.csproj", "{B37589B9-167C-4C13-BFBE-13C3BA1848BA}"
EndProject
Global
	GlobalSection(SolutionConfigurationPlatforms) = preSolution
		Debug|Any CPU = Debug|Any CPU
		Release|Any CPU = Release|Any CPU
	EndGlobalSection
	GlobalSection(ProjectConfigurationPlatforms) = postSolution
		{B37589B9-167C-4C13-BFBE-13C3BA1848BA}.Debug|Any CPU.ActiveCfg = Debug|Any CPU
		{B37589B9-167C-4C13-BFBE-13C3BA1848BA}.Debug|Any CPU.Build.0 = Debug|Any CPU
		{B37589B9-167C-4C13-BFBE-13C3BA1848BA}.Release|Any CPU.ActiveCfg = Release|Any CPU
		{B37589B9-167C-4C13-BFBE-13C3BA1848BA}.Release|Any CPU.Build.0 = Release|Any CPU
	EndGlobalSection
	GlobalSection(SolutionProperties) = preSolution
		HideSolutionNode = FALSE
	EndGlobalSection
	GlobalSection(ExtensibilityGlobals) = postSolution
		SolutionGuid = {C3A5E75F-8953-432E-A8BF-C5CE4BB4AEB5}
	EndGlobalSection
EndGlobal
